// !$*UTF8*$!
{
	archiveVersion = 1;
	classes = {
	};
	objectVersion = 46;
	objects = {

/* Begin PBXBuildFile section */
		F5C45B791C8FBBBF0046EA0E /* main.m in Sources */ = {isa = PBXBuildFile; fileRef = F5C45B781C8FBBBF0046EA0E /* main.m */; };
		F5C45B7C1C8FBBBF0046EA0E /* AppDelegate.m in Sources */ = {isa = PBXBuildFile; fileRef = F5C45B7B1C8FBBBF0046EA0E /* AppDelegate.m */; };
		F5C45B7F1C8FBBBF0046EA0E /* ViewController.m in Sources */ = {isa = PBXBuildFile; fileRef = F5C45B7E1C8FBBBF0046EA0E /* ViewController.m */; };
		F5C45B821C8FBBBF0046EA0E /* Main.storyboard in Resources */ = {isa = PBXBuildFile; fileRef = F5C45B801C8FBBBF0046EA0E /* Main.storyboard */; };
		F5C45B841C8FBBBF0046EA0E /* Assets.xcassets in Resources */ = {isa = PBXBuildFile; fileRef = F5C45B831C8FBBBF0046EA0E /* Assets.xcassets */; };
		F5C45B871C8FBBBF0046EA0E /* LaunchScreen.storyboard in Resources */ = {isa = PBXBuildFile; fileRef = F5C45B851C8FBBBF0046EA0E /* LaunchScreen.storyboard */; };
		F5C45B911C8FBBE90046EA0E /* ZYSingleSelectViewController.m in Sources */ = {isa = PBXBuildFile; fileRef = F5C45B8F1C8FBBE90046EA0E /* ZYSingleSelectViewController.m */; };
		F5C45B921C8FBBE90046EA0E /* ZYSingleSelectViewController.xib in Resources */ = {isa = PBXBuildFile; fileRef = F5C45B901C8FBBE90046EA0E /* ZYSingleSelectViewController.xib */; };
		F5C45B961C8FBC120046EA0E /* ZYMultipleSelectViewController.m in Sources */ = {isa = PBXBuildFile; fileRef = F5C45B941C8FBC120046EA0E /* ZYMultipleSelectViewController.m */; };
		F5C45B971C8FBC120046EA0E /* ZYMultipleSelectViewController.xib in Resources */ = {isa = PBXBuildFile; fileRef = F5C45B951C8FBC120046EA0E /* ZYMultipleSelectViewController.xib */; };
		F5C45B9B1C8FBC540046EA0E /* ZYSelectCell.m in Sources */ = {isa = PBXBuildFile; fileRef = F5C45B991C8FBC540046EA0E /* ZYSelectCell.m */; };
		F5C45B9C1C8FBC540046EA0E /* ZYSelectCell.xib in Resources */ = {isa = PBXBuildFile; fileRef = F5C45B9A1C8FBC540046EA0E /* ZYSelectCell.xib */; };
		F5C45BA61C8FBD100046EA0E /* danxuan@2x.png in Resources */ = {isa = PBXBuildFile; fileRef = F5C45B9E1C8FBD100046EA0E /* danxuan@2x.png */; };
		F5C45BA71C8FBD100046EA0E /* danxuan@3x.png in Resources */ = {isa = PBXBuildFile; fileRef = F5C45B9F1C8FBD100046EA0E /* danxuan@3x.png */; };
		F5C45BA81C8FBD100046EA0E /* danxuanzhong@2x.png in Resources */ = {isa = PBXBuildFile; fileRef = F5C45BA01C8FBD100046EA0E /* danxuanzhong@2x.png */; };
		F5C45BA91C8FBD100046EA0E /* danxuanzhong@3x.png in Resources */ = {isa = PBXBuildFile; fileRef = F5C45BA11C8FBD100046EA0E /* danxuanzhong@3x.png */; };
		F5C45BAA1C8FBD100046EA0E /* fuxuan@2x.png in Resources */ = {isa = PBXBuildFile; fileRef = F5C45BA21C8FBD100046EA0E /* fuxuan@2x.png */; };
		F5C45BAB1C8FBD100046EA0E /* fuxuan@3x.png in Resources */ = {isa = PBXBuildFile; fileRef = F5C45BA31C8FBD100046EA0E /* fuxuan@3x.png */; };
		F5C45BAC1C8FBD100046EA0E /* fuxuanzhong@2x.png in Resources */ = {isa = PBXBuildFile; fileRef = F5C45BA41C8FBD100046EA0E /* fuxuanzhong@2x.png */; };
		F5C45BAD1C8FBD100046EA0E /* fuxuanzhong@3x.png in Resources */ = {isa = PBXBuildFile; fileRef = F5C45BA51C8FBD100046EA0E /* fuxuanzhong@3x.png */; };
		F5C45BB41C8FF7DC0046EA0E /* ZYChaosSelectViewController.m in Sources */ = {isa = PBXBuildFile; fileRef = F5C45BB21C8FF7DC0046EA0E /* ZYChaosSelectViewController.m */; };
		F5C45BB51C8FF7DC0046EA0E /* ZYChaosSelectViewController.xib in Resources */ = {isa = PBXBuildFile; fileRef = F5C45BB31C8FF7DC0046EA0E /* ZYChaosSelectViewController.xib */; };
/* End PBXBuildFile section */

/* Begin PBXFileReference section */
		F5C45B741C8FBBBF0046EA0E /* ZYSelectStyle.app */ = {isa = PBXFileReference; explicitFileType = wrapper.application; includeInIndex = 0; path = ZYSelectStyle.app; sourceTree = BUILT_PRODUCTS_DIR; };
		F5C45B781C8FBBBF0046EA0E /* main.m */ = {isa = PBXFileReference; lastKnownFileType = sourcecode.c.objc; path = main.m; sourceTree = "<group>"; };
		F5C45B7A1C8FBBBF0046EA0E /* AppDelegate.h */ = {isa = PBXFileReference; lastKnownFileType = sourcecode.c.h; path = AppDelegate.h; sourceTree = "<group>"; };
		F5C45B7B1C8FBBBF0046EA0E /* AppDelegate.m */ = {isa = PBXFileReference; lastKnownFileType = sourcecode.c.objc; path = AppDelegate.m; sourceTree = "<group>"; };
		F5C45B7D1C8FBBBF0046EA0E /* ViewController.h */ = {isa = PBXFileReference; lastKnownFileType = sourcecode.c.h; path = ViewController.h; sourceTree = "<group>"; };
		F5C45B7E1C8FBBBF0046EA0E /* ViewController.m */ = {isa = PBXFileReference; lastKnownFileType = sourcecode.c.objc; path = ViewController.m; sourceTree = "<group>"; };
		F5C45B811C8FBBBF0046EA0E /* Base */ = {isa = PBXFileReference; lastKnownFileType = file.storyboard; name = Base; path = Base.lproj/Main.storyboard; sourceTree = "<group>"; };
		F5C45B831C8FBBBF0046EA0E /* Assets.xcassets */ = {isa = PBXFileReference; lastKnownFileType = folder.assetcatalog; path = Assets.xcassets; sourceTree = "<group>"; };
		F5C45B861C8FBBBF0046EA0E /* Base */ = {isa = PBXFileReference; lastKnownFileType = file.storyboard; name = Base; path = Base.lproj/LaunchScreen.storyboard; sourceTree = "<group>"; };
		F5C45B881C8FBBBF0046EA0E /* Info.plist */ = {isa = PBXFileReference; lastKnownFileType = text.plist.xml; path = Info.plist; sourceTree = "<group>"; };
		F5C45B8E1C8FBBE90046EA0E /* ZYSingleSelectViewController.h */ = {isa = PBXFileReference; fileEncoding = 4; lastKnownFileType = sourcecode.c.h; path = ZYSingleSelectViewController.h; sourceTree = "<group>"; };
		F5C45B8F1C8FBBE90046EA0E /* ZYSingleSelectViewController.m */ = {isa = PBXFileReference; fileEncoding = 4; lastKnownFileType = sourcecode.c.objc; path = ZYSingleSelectViewController.m; sourceTree = "<group>"; };
		F5C45B901C8FBBE90046EA0E /* ZYSingleSelectViewController.xib */ = {isa = PBXFileReference; fileEncoding = 4; lastKnownFileType = file.xib; path = ZYSingleSelectViewController.xib; sourceTree = "<group>"; };
		F5C45B931C8FBC120046EA0E /* ZYMultipleSelectViewController.h */ = {isa = PBXFileReference; fileEncoding = 4; lastKnownFileType = sourcecode.c.h; path = ZYMultipleSelectViewController.h; sourceTree = "<group>"; };
		F5C45B941C8FBC120046EA0E /* ZYMultipleSelectViewController.m */ = {isa = PBXFileReference; fileEncoding = 4; lastKnownFileType = sourcecode.c.objc; path = ZYMultipleSelectViewController.m; sourceTree = "<group>"; };
		F5C45B951C8FBC120046EA0E /* ZYMultipleSelectViewController.xib */ = {isa = PBXFileReference; fileEncoding = 4; lastKnownFileType = file.xib; path = ZYMultipleSelectViewController.xib; sourceTree = "<group>"; };
		F5C45B981C8FBC540046EA0E /* ZYSelectCell.h */ = {isa = PBXFileReference; fileEncoding = 4; lastKnownFileType = sourcecode.c.h; path = ZYSelectCell.h; sourceTree = "<group>"; };
		F5C45B991C8FBC540046EA0E /* ZYSelectCell.m */ = {isa = PBXFileReference; fileEncoding = 4; lastKnownFileType = sourcecode.c.objc; path = ZYSelectCell.m; sourceTree = "<group>"; };
		F5C45B9A1C8FBC540046EA0E /* ZYSelectCell.xib */ = {isa = PBXFileReference; fileEncoding = 4; lastKnownFileType = file.xib; path = ZYSelectCell.xib; sourceTree = "<group>"; };
		F5C45B9E1C8FBD100046EA0E /* danxuan@2x.png */ = {isa = PBXFileReference; lastKnownFileType = image.png; path = "danxuan@2x.png"; sourceTree = "<group>"; };
		F5C45B9F1C8FBD100046EA0E /* danxuan@3x.png */ = {isa = PBXFileReference; lastKnownFileType = image.png; path = "danxuan@3x.png"; sourceTree = "<group>"; };
		F5C45BA01C8FBD100046EA0E /* danxuanzhong@2x.png */ = {isa = PBXFileReference; lastKnownFileType = image.png; path = "danxuanzhong@2x.png"; sourceTree = "<group>"; };
		F5C45BA11C8FBD100046EA0E /* danxuanzhong@3x.png */ = {isa = PBXFileReference; lastKnownFileType = image.png; path = "danxuanzhong@3x.png"; sourceTree = "<group>"; };
		F5C45BA21C8FBD100046EA0E /* fuxuan@2x.png */ = {isa = PBXFileReference; lastKnownFileType = image.png; path = "fuxuan@2x.png"; sourceTree = "<group>"; };
		F5C45BA31C8FBD100046EA0E /* fuxuan@3x.png */ = {isa = PBXFileReference; lastKnownFileType = image.png; path = "fuxuan@3x.png"; sourceTree = "<group>"; };
		F5C45BA41C8FBD100046EA0E /* fuxuanzhong@2x.png */ = {isa = PBXFileReference; lastKnownFileType = image.png; path = "fuxuanzhong@2x.png"; sourceTree = "<group>"; };
		F5C45BA51C8FBD100046EA0E /* fuxuanzhong@3x.png */ = {isa = PBXFileReference; lastKnownFileType = image.png; path = "fuxuanzhong@3x.png"; sourceTree = "<group>"; };
		F5C45BB11C8FF7DC0046EA0E /* ZYChaosSelectViewController.h */ = {isa = PBXFileReference; fileEncoding = 4; lastKnownFileType = sourcecode.c.h; path = ZYChaosSelectViewController.h; sourceTree = "<group>"; };
		F5C45BB21C8FF7DC0046EA0E /* ZYChaosSelectViewController.m */ = {isa = PBXFileReference; fileEncoding = 4; lastKnownFileType = sourcecode.c.objc; path = ZYChaosSelectViewController.m; sourceTree = "<group>"; };
		F5C45BB31C8FF7DC0046EA0E /* ZYChaosSelectViewController.xib */ = {isa = PBXFileReference; fileEncoding = 4; lastKnownFileType = file.xib; path = ZYChaosSelectViewController.xib; sourceTree = "<group>"; };
/* End PBXFileReference section */

/* Begin PBXFrameworksBuildPhase section */
		F5C45B711C8FBBBF0046EA0E /* Frameworks */ = {
			isa = PBXFrameworksBuildPhase;
			buildActionMask = 2147483647;
			files = (
			);
			runOnlyForDeploymentPostprocessing = 0;
		};
/* End PBXFrameworksBuildPhase section */

/* Begin PBXGroup section */
		F5C45B6B1C8FBBBF0046EA0E = {
			isa = PBXGroup;
			children = (
				F5C45B761C8FBBBF0046EA0E /* ZYSelectStyle */,
				F5C45B751C8FBBBF0046EA0E /* Products */,
			);
			sourceTree = "<group>";
		};
		F5C45B751C8FBBBF0046EA0E /* Products */ = {
			isa = PBXGroup;
			children = (
				F5C45B741C8FBBBF0046EA0E /* ZYSelectStyle.app */,
			);
			name = Products;
			sourceTree = "<group>";
		};
		F5C45B761C8FBBBF0046EA0E /* ZYSelectStyle */ = {
			isa = PBXGroup;
			children = (
				F5C45B9D1C8FBCFE0046EA0E /* images */,
				F5C45B7A1C8FBBBF0046EA0E /* AppDelegate.h */,
				F5C45B7B1C8FBBBF0046EA0E /* AppDelegate.m */,
				F5C45B7D1C8FBBBF0046EA0E /* ViewController.h */,
				F5C45B7E1C8FBBBF0046EA0E /* ViewController.m */,
				F5C45B981C8FBC540046EA0E /* ZYSelectCell.h */,
				F5C45B991C8FBC540046EA0E /* ZYSelectCell.m */,
				F5C45B9A1C8FBC540046EA0E /* ZYSelectCell.xib */,
				F5C45B8E1C8FBBE90046EA0E /* ZYSingleSelectViewController.h */,
				F5C45B8F1C8FBBE90046EA0E /* ZYSingleSelectViewController.m */,
				F5C45B901C8FBBE90046EA0E /* ZYSingleSelectViewController.xib */,
				F5C45B931C8FBC120046EA0E /* ZYMultipleSelectViewController.h */,
				F5C45B941C8FBC120046EA0E /* ZYMultipleSelectViewController.m */,
				F5C45B951C8FBC120046EA0E /* ZYMultipleSelectViewController.xib */,
				F5C45BB11C8FF7DC0046EA0E /* ZYChaosSelectViewController.h */,
				F5C45BB21C8FF7DC0046EA0E /* ZYChaosSelectViewController.m */,
				F5C45BB31C8FF7DC0046EA0E /* ZYChaosSelectViewController.xib */,
				F5C45B801C8FBBBF0046EA0E /* Main.storyboard */,
				F5C45B831C8FBBBF0046EA0E /* Assets.xcassets */,
				F5C45B851C8FBBBF0046EA0E /* LaunchScreen.storyboard */,
				F5C45B881C8FBBBF0046EA0E /* Info.plist */,
				F5C45B771C8FBBBF0046EA0E /* Supporting Files */,
			);
			path = ZYSelectStyle;
			sourceTree = "<group>";
		};
		F5C45B771C8FBBBF0046EA0E /* Supporting Files */ = {
			isa = PBXGroup;
			children = (
				F5C45B781C8FBBBF0046EA0E /* main.m */,
			);
			name = "Supporting Files";
			sourceTree = "<group>";
		};
		F5C45B9D1C8FBCFE0046EA0E /* images */ = {
			isa = PBXGroup;
			children = (
				F5C45B9E1C8FBD100046EA0E /* danxuan@2x.png */,
				F5C45B9F1C8FBD100046EA0E /* danxuan@3x.png */,
				F5C45BA01C8FBD100046EA0E /* danxuanzhong@2x.png */,
				F5C45BA11C8FBD100046EA0E /* danxuanzhong@3x.png */,
				F5C45BA21C8FBD100046EA0E /* fuxuan@2x.png */,
				F5C45BA31C8FBD100046EA0E /* fuxuan@3x.png */,
				F5C45BA41C8FBD100046EA0E /* fuxuanzhong@2x.png */,
				F5C45BA51C8FBD100046EA0E /* fuxuanzhong@3x.png */,
			);
			name = images;
			sourceTree = "<group>";
		};
/* End PBXGroup section */

/* Begin PBXNativeTarget section */
		F5C45B731C8FBBBF0046EA0E /* ZYSelectStyle */ = {
			isa = PBXNativeTarget;
			buildConfigurationList = F5C45B8B1C8FBBBF0046EA0E /* Build configuration list for PBXNativeTarget "ZYSelectStyle" */;
			buildPhases = (
				F5C45B701C8FBBBF0046EA0E /* Sources */,
				F5C45B711C8FBBBF0046EA0E /* Frameworks */,
				F5C45B721C8FBBBF0046EA0E /* Resources */,
			);
			buildRules = (
			);
			dependencies = (
			);
			name = ZYSelectStyle;
			productName = ZYSelectStyle;
			productReference = F5C45B741C8FBBBF0046EA0E /* ZYSelectStyle.app */;
			productType = "com.apple.product-type.application";
		};
/* End PBXNativeTarget section */

/* Begin PBXProject section */
		F5C45B6C1C8FBBBF0046EA0E /* Project object */ = {
			isa = PBXProject;
			attributes = {
				LastUpgradeCheck = 0720;
				ORGANIZATIONNAME = "赵越";
				TargetAttributes = {
					F5C45B731C8FBBBF0046EA0E = {
						CreatedOnToolsVersion = 7.2.1;
					};
				};
			};
			buildConfigurationList = F5C45B6F1C8FBBBF0046EA0E /* Build configuration list for PBXProject "ZYSelectStyle" */;
			compatibilityVersion = "Xcode 3.2";
			developmentRegion = English;
			hasScannedForEncodings = 0;
			knownRegions = (
				en,
				Base,
			);
			mainGroup = F5C45B6B1C8FBBBF0046EA0E;
			productRefGroup = F5C45B751C8FBBBF0046EA0E /* Products */;
			projectDirPath = "";
			projectRoot = "";
			targets = (
				F5C45B731C8FBBBF0046EA0E /* ZYSelectStyle */,
			);
		};
/* End PBXProject section */

/* Begin PBXResourcesBuildPhase section */
		F5C45B721C8FBBBF0046EA0E /* Resources */ = {
			isa = PBXResourcesBuildPhase;
			buildActionMask = 2147483647;
			files = (
				F5C45BAC1C8FBD100046EA0E /* fuxuanzhong@2x.png in Resources */,
				F5C45B871C8FBBBF0046EA0E /* LaunchScreen.storyboard in Resources */,
				F5C45BA81C8FBD100046EA0E /* danxuanzhong@2x.png in Resources */,
				F5C45BA91C8FBD100046EA0E /* danxuanzhong@3x.png in Resources */,
				F5C45B841C8FBBBF0046EA0E /* Assets.xcassets in Resources */,
				F5C45B9C1C8FBC540046EA0E /* ZYSelectCell.xib in Resources */,
				F5C45BA71C8FBD100046EA0E /* danxuan@3x.png in Resources */,
				F5C45B921C8FBBE90046EA0E /* ZYSingleSelectViewController.xib in Resources */,
				F5C45BAA1C8FBD100046EA0E /* fuxuan@2x.png in Resources */,
				F5C45BB51C8FF7DC0046EA0E /* ZYChaosSelectViewController.xib in Resources */,
				F5C45B821C8FBBBF0046EA0E /* Main.storyboard in Resources */,
				F5C45BA61C8FBD100046EA0E /* danxuan@2x.png in Resources */,
				F5C45BAD1C8FBD100046EA0E /* fuxuanzhong@3x.png in Resources */,
				F5C45BAB1C8FBD100046EA0E /* fuxuan@3x.png in Resources */,
				F5C45B971C8FBC120046EA0E /* ZYMultipleSelectViewController.xib in Resources */,
			);
			runOnlyForDeploymentPostprocessing = 0;
		};
/* End PBXResourcesBuildPhase section */

/* Begin PBXSourcesBuildPhase section */
		F5C45B701C8FBBBF0046EA0E /* Sources */ = {
			isa = PBXSourcesBuildPhase;
			buildActionMask = 2147483647;
			files = (
				F5C45B7F1C8FBBBF0046EA0E /* ViewController.m in Sources */,
				F5C45B961C8FBC120046EA0E /* ZYMultipleSelectViewController.m in Sources */,
				F5C45BB41C8FF7DC0046EA0E /* ZYChaosSelectViewController.m in Sources */,
				F5C45B9B1C8FBC540046EA0E /* ZYSelectCell.m in Sources */,
				F5C45B911C8FBBE90046EA0E /* ZYSingleSelectViewController.m in Sources */,
				F5C45B7C1C8FBBBF0046EA0E /* AppDelegate.m in Sources */,
				F5C45B791C8FBBBF0046EA0E /* main.m in Sources */,
			);
			runOnlyForDeploymentPostprocessing = 0;
		};
/* End PBXSourcesBuildPhase section */

/* Begin PBXVariantGroup section */
		F5C45B801C8FBBBF0046EA0E /* Main.storyboard */ = {
			isa = PBXVariantGroup;
			children = (
				F5C45B811C8FBBBF0046EA0E /* Base */,
			);
			name = Main.storyboard;
			sourceTree = "<group>";
		};
		F5C45B851C8FBBBF0046EA0E /* LaunchScreen.storyboard */ = {
			isa = PBXVariantGroup;
			children = (
				F5C45B861C8FBBBF0046EA0E /* Base */,
			);
			name = LaunchScreen.storyboard;
			sourceTree = "<group>";
		};
/* End PBXVariantGroup section */

/* Begin XCBuildConfiguration section */
		F5C45B891C8FBBBF0046EA0E /* Debug */ = {
			isa = XCBuildConfiguration;
			buildSettings = {
				ALWAYS_SEARCH_USER_PATHS = NO;
				CLANG_CXX_LANGUAGE_STANDARD = "gnu++0x";
				CLANG_CXX_LIBRARY = "libc++";
				CLANG_ENABLE_MODULES = YES;
				CLANG_ENABLE_OBJC_ARC = YES;
				CLANG_WARN_BOOL_CONVERSION = YES;
				CLANG_WARN_CONSTANT_CONVERSION = YES;
				CLANG_WARN_DIRECT_OBJC_ISA_USAGE = YES_ERROR;
				CLANG_WARN_EMPTY_BODY = YES;
				CLANG_WARN_ENUM_CONVERSION = YES;
				CLANG_WARN_INT_CONVERSION = YES;
				CLANG_WARN_OBJC_ROOT_CLASS = YES_ERROR;
				CLANG_WARN_UNREACHABLE_CODE = YES;
				CLANG_WARN__DUPLICATE_METHOD_MATCH = YES;
				"CODE_SIGN_IDENTITY[sdk=iphoneos*]" = "iPhone Developer";
				COPY_PHASE_STRIP = NO;
				DEBUG_INFORMATION_FORMAT = dwarf;
				ENABLE_STRICT_OBJC_MSGSEND = YES;
				ENABLE_TESTABILITY = YES;
				GCC_C_LANGUAGE_STANDARD = gnu99;
				GCC_DYNAMIC_NO_PIC = NO;
				GCC_NO_COMMON_BLOCKS = YES;
				GCC_OPTIMIZATION_LEVEL = 0;
				GCC_PREPROCESSOR_DEFINITIONS = (
					"DEBUG=1",
					"$(inherited)",
				);
				GCC_WARN_64_TO_32_BIT_CONVERSION = YES;
				GCC_WARN_ABOUT_RETURN_TYPE = YES_ERROR;
				GCC_WARN_UNDECLARED_SELECTOR = YES;
				GCC_WARN_UNINITIALIZED_AUTOS = YES_AGGRESSIVE;
				GCC_WARN_UNUSED_FUNCTION = YES;
				GCC_WARN_UNUSED_VARIABLE = YES;
				IPHONEOS_DEPLOYMENT_TARGET = 9.2;
				MTL_ENABLE_DEBUG_INFO = YES;
				ONLY_ACTIVE_ARCH = YES;
				SDKROOT = iphoneos;
			};
			name = Debug;
		};
		F5C45B8A1C8FBBBF0046EA0E /* Release */ = {
			isa = XCBuildConfiguration;
			buildSettings = {
				ALWAYS_SEARCH_USER_PATHS = NO;
				CLANG_CXX_LANGUAGE_STANDARD = "gnu++0x";
				CLANG_CXX_LIBRARY = "libc++";
				CLANG_ENABLE_MODULES = YES;
				CLANG_ENABLE_OBJC_ARC = YES;
				CLANG_WARN_BOOL_CONVERSION = YES;
				CLANG_WARN_CONSTANT_CONVERSION = YES;
				CLANG_WARN_DIRECT_OBJC_ISA_USAGE = YES_ERROR;
				CLANG_WARN_EMPTY_BODY = YES;
				CLANG_WARN_ENUM_CONVERSION = YES;
				CLANG_WARN_INT_CONVERSION = YES;
				CLANG_WARN_OBJC_ROOT_CLASS = YES_ERROR;
				CLANG_WARN_UNREACHABLE_CODE = YES;
				CLANG_WARN__DUPLICATE_METHOD_MATCH = YES;
				"CODE_SIGN_IDENTITY[sdk=iphoneos*]" = "iPhone Developer";
				COPY_PHASE_STRIP = NO;
				DEBUG_INFORMATION_FORMAT = "dwarf-with-dsym";
				ENABLE_NS_ASSERTIONS = NO;
				ENABLE_STRICT_OBJC_MSGSEND = YES;
				GCC_C_LANGUAGE_STANDARD = gnu99;
				GCC_NO_COMMON_BLOCKS = YES;
				GCC_WARN_64_TO_32_BIT_CONVERSION = YES;
				GCC_WARN_ABOUT_RETURN_TYPE = YES_ERROR;
				GCC_WARN_UNDECLARED_SELECTOR = YES;
				GCC_WARN_UNINITIALIZED_AUTOS = YES_AGGRESSIVE;
				GCC_WARN_UNUSED_FUNCTION = YES;
				GCC_WARN_UNUSED_VARIABLE = YES;
				IPHONEOS_DEPLOYMENT_TARGET = 9.2;
				MTL_ENABLE_DEBUG_INFO = NO;
				SDKROOT = iphoneos;
				VALIDATE_PRODUCT = YES;
			};
			name = Release;
		};
		F5C45B8C1C8FBBBF0046EA0E /* Debug */ = {
			isa = XCBuildConfiguration;
			buildSettings = {
				ASSETCATALOG_COMPILER_APPICON_NAME = AppIcon;
				INFOPLIST_FILE = ZYSelectStyle/Info.plist;
				LD_RUNPATH_SEARCH_PATHS = "$(inherited) @executable_path/Frameworks";
				PRODUCT_BUNDLE_IDENTIFIER = ZweiZhao.ZYSelectStyle;
				PRODUCT_NAME = "$(TARGET_NAME)";
			};
			name = Debug;
		};
		F5C45B8D1C8FBBBF0046EA0E /* Release */ = {
			isa = XCBuildConfiguration;
			buildSettings = {
				ASSETCATALOG_COMPILER_APPICON_NAME = AppIcon;
				INFOPLIST_FILE = ZYSelectStyle/Info.plist;
				LD_RUNPATH_SEARCH_PATHS = "$(inherited) @executable_path/Frameworks";
				PRODUCT_BUNDLE_IDENTIFIER = ZweiZhao.ZYSelectStyle;
				PRODUCT_NAME = "$(TARGET_NAME)";
			};
			name = Release;
		};
/* End XCBuildConfiguration section */

/* Begin XCConfigurationList section */
		F5C45B6F1C8FBBBF0046EA0E /* Build configuration list for PBXProject "ZYSelectStyle" */ = {
			isa = XCConfigurationList;
			buildConfigurations = (
				F5C45B891C8FBBBF0046EA0E /* Debug */,
				F5C45B8A1C8FBBBF0046EA0E /* Release */,
			);
			defaultConfigurationIsVisible = 0;
			defaultConfigurationName = Release;
		};
		F5C45B8B1C8FBBBF0046EA0E /* Build configuration list for PBXNativeTarget "ZYSelectStyle" */ = {
			isa = XCConfigurationList;
			buildConfigurations = (
				F5C45B8C1C8FBBBF0046EA0E /* Debug */,
				F5C45B8D1C8FBBBF0046EA0E /* Release */,
			);
			defaultConfigurationIsVisible = 0;
		};
/* End XCConfigurationList section */
	};
	rootObject = F5C45B6C1C8FBBBF0046EA0E /* Project object */;
}
